
Microsoft Visual Studio Solution File, Format Version 12.00
# Visual Studio 14
VisualStudioVersion = 14.0.24720.0
MinimumVisualStudioVersion = 10.0.40219.1
Project("{8BC9CEB8-8B4A-11D0-8D11-00A0C91BC942}") = "DXFramework", "DXFramework\DXFramework.vcxproj", "{E887C38B-1273-433A-9DAC-A153DA5CF145}"
	ProjectSection(ProjectDependencies) = postProject
		{E0B52AE7-E160-4D32-BF3F-910B785E5A8E} = {E0B52AE7-E160-4D32-BF3F-910B785E5A8E}
	EndProjectSection
EndProject
Project("{8BC9CEB8-8B4A-11D0-8D11-00A0C91BC942}") = "DirectXTK_Desktop_2013", "DirectXTK\DirectXTK_Desktop_2013.vcxproj", "{E0B52AE7-E160-4D32-BF3F-910B785E5A8E}"
EndProject
Project("{8BC9CEB8-8B4A-11D0-8D11-00A0C91BC942}") = "BaseApp", "procedural_methods\procedural_methods.vcxproj", "{33BE6974-518F-4F19-9894-1E6AEA0B03ED}"
EndProject
Project("{8BC9CEB8-8B4A-11D0-8D11-00A0C91BC942}") = "MiniIni", "MiniIni\MiniIni.vcxproj", "{AECEA20B-DFBE-4FCB-BD9A-0598CC2CC563}"
EndProject
Project("{8BC9CEB8-8B4A-11D0-8D11-00A0C91BC942}") = "lab1", "lab1\lab1.vcxproj", "{04150E23-567C-45E9-B836-FFA7F84EF4C9}"
EndProject
Project("{8BC9CEB8-8B4A-11D0-8D11-00A0C91BC942}") = "lab2", "lab2\lab2.vcxproj", "{8D32638D-B9AF-49BB-9F63-E85D2483D0B4}"
EndProject
Project("{8BC9CEB8-8B4A-11D0-8D11-00A0C91BC942}") = "lab3", "lab3\lab3.vcxproj", "{28090894-3802-42D2-AAF0-5BE491277319}"
EndProject
Global
	GlobalSection(SolutionConfigurationPlatforms) = preSolution
		Debug|Any CPU = Debug|Any CPU
		Debug|Win32 = Debug|Win32
		Debug|x64 = Debug|x64
		Release|Any CPU = Release|Any CPU
		Release|Win32 = Release|Win32
		Release|x64 = Release|x64
	EndGlobalSection
	GlobalSection(ProjectConfigurationPlatforms) = postSolution
		{E887C38B-1273-433A-9DAC-A153DA5CF145}.Debug|Any CPU.ActiveCfg = Debug|Win32
		{E887C38B-1273-433A-9DAC-A153DA5CF145}.Debug|Any CPU.Build.0 = Debug|Win32
		{E887C38B-1273-433A-9DAC-A153DA5CF145}.Debug|Win32.ActiveCfg = Debug|Win32
		{E887C38B-1273-433A-9DAC-A153DA5CF145}.Debug|Win32.Build.0 = Debug|Win32
		{E887C38B-1273-433A-9DAC-A153DA5CF145}.Debug|x64.ActiveCfg = Debug|Win32
		{E887C38B-1273-433A-9DAC-A153DA5CF145}.Release|Any CPU.ActiveCfg = Release|Win32
		{E887C38B-1273-433A-9DAC-A153DA5CF145}.Release|Win32.ActiveCfg = Release|Win32
		{E887C38B-1273-433A-9DAC-A153DA5CF145}.Release|Win32.Build.0 = Release|Win32
		{E887C38B-1273-433A-9DAC-A153DA5CF145}.Release|x64.ActiveCfg = Release|Win32
		{E0B52AE7-E160-4D32-BF3F-910B785E5A8E}.Debug|Any CPU.ActiveCfg = Debug|Win32
		{E0B52AE7-E160-4D32-BF3F-910B785E5A8E}.Debug|Any CPU.Build.0 = Debug|Win32
		{E0B52AE7-E160-4D32-BF3F-910B785E5A8E}.Debug|Win32.ActiveCfg = Debug|Win32
		{E0B52AE7-E160-4D32-BF3F-910B785E5A8E}.Debug|Win32.Build.0 = Debug|Win32
		{E0B52AE7-E160-4D32-BF3F-910B785E5A8E}.Debug|x64.ActiveCfg = Debug|x64
		{E0B52AE7-E160-4D32-BF3F-910B785E5A8E}.Debug|x64.Build.0 = Debug|x64
		{E0B52AE7-E160-4D32-BF3F-910B785E5A8E}.Release|Any CPU.ActiveCfg = Release|Win32
		{E0B52AE7-E160-4D32-BF3F-910B785E5A8E}.Release|Win32.ActiveCfg = Release|Win32
		{E0B52AE7-E160-4D32-BF3F-910B785E5A8E}.Release|Win32.Build.0 = Release|Win32
		{E0B52AE7-E160-4D32-BF3F-910B785E5A8E}.Release|x64.ActiveCfg = Release|x64
		{E0B52AE7-E160-4D32-BF3F-910B785E5A8E}.Release|x64.Build.0 = Release|x64
		{33BE6974-518F-4F19-9894-1E6AEA0B03ED}.Debug|Any CPU.ActiveCfg = Debug|Win32
		{33BE6974-518F-4F19-9894-1E6AEA0B03ED}.Debug|Win32.ActiveCfg = Debug|Win32
		{33BE6974-518F-4F19-9894-1E6AEA0B03ED}.Debug|Win32.Build.0 = Debug|Win32
		{33BE6974-518F-4F19-9894-1E6AEA0B03ED}.Debug|x64.ActiveCfg = Debug|Win32
		{33BE6974-518F-4F19-9894-1E6AEA0B03ED}.Release|Any CPU.ActiveCfg = Release|Win32
		{33BE6974-518F-4F19-9894-1E6AEA0B03ED}.Release|Win32.ActiveCfg = Release|Win32
		{33BE6974-518F-4F19-9894-1E6AEA0B03ED}.Release|Win32.Build.0 = Release|Win32
		{33BE6974-518F-4F19-9894-1E6AEA0B03ED}.Release|x64.ActiveCfg = Release|Win32
		{AECEA20B-DFBE-4FCB-BD9A-0598CC2CC563}.Debug|Any CPU.ActiveCfg = Debug|Win32
		{AECEA20B-DFBE-4FCB-BD9A-0598CC2CC563}.Debug|Win32.ActiveCfg = Debug|Win32
		{AECEA20B-DFBE-4FCB-BD9A-0598CC2CC563}.Debug|Win32.Build.0 = Debug|Win32
		{AECEA20B-DFBE-4FCB-BD9A-0598CC2CC563}.Debug|x64.ActiveCfg = Debug|x64
		{AECEA20B-DFBE-4FCB-BD9A-0598CC2CC563}.Debug|x64.Build.0 = Debug|x64
		{AECEA20B-DFBE-4FCB-BD9A-0598CC2CC563}.Release|Any CPU.ActiveCfg = Release|Win32
		{AECEA20B-DFBE-4FCB-BD9A-0598CC2CC563}.Release|Win32.ActiveCfg = Release|Win32
		{AECEA20B-DFBE-4FCB-BD9A-0598CC2CC563}.Release|Win32.Build.0 = Release|Win32
		{AECEA20B-DFBE-4FCB-BD9A-0598CC2CC563}.Release|x64.ActiveCfg = Release|x64
		{AECEA20B-DFBE-4FCB-BD9A-0598CC2CC563}.Release|x64.Build.0 = Release|x64
		{04150E23-567C-45E9-B836-FFA7F84EF4C9}.Debug|Any CPU.ActiveCfg = Debug|Win32
		{04150E23-567C-45E9-B836-FFA7F84EF4C9}.Debug|Win32.ActiveCfg = Debug|Win32
		{04150E23-567C-45E9-B836-FFA7F84EF4C9}.Debug|Win32.Build.0 = Debug|Win32
		{04150E23-567C-45E9-B836-FFA7F84EF4C9}.Debug|x64.ActiveCfg = Debug|Win32
		{04150E23-567C-45E9-B836-FFA7F84EF4C9}.Release|Any CPU.ActiveCfg = Release|Win32
		{04150E23-567C-45E9-B836-FFA7F84EF4C9}.Release|Win32.ActiveCfg = Release|Win32
		{04150E23-567C-45E9-B836-FFA7F84EF4C9}.Release|Win32.Build.0 = Release|Win32
		{04150E23-567C-45E9-B836-FFA7F84EF4C9}.Release|x64.ActiveCfg = Release|Win32
		{8D32638D-B9AF-49BB-9F63-E85D2483D0B4}.Debug|Any CPU.ActiveCfg = Debug|Win32
		{8D32638D-B9AF-49BB-9F63-E85D2483D0B4}.Debug|Win32.ActiveCfg = Debug|Win32
		{8D32638D-B9AF-49BB-9F63-E85D2483D0B4}.Debug|Win32.Build.0 = Debug|Win32
		{8D32638D-B9AF-49BB-9F63-E85D2483D0B4}.Debug|x64.ActiveCfg = Debug|Win32
		{8D32638D-B9AF-49BB-9F63-E85D2483D0B4}.Release|Any CPU.ActiveCfg = Release|Win32
		{8D32638D-B9AF-49BB-9F63-E85D2483D0B4}.Release|Win32.ActiveCfg = Release|Win32
		{8D32638D-B9AF-49BB-9F63-E85D2483D0B4}.Release|Win32.Build.0 = Release|Win32
		{8D32638D-B9AF-49BB-9F63-E85D2483D0B4}.Release|x64.ActiveCfg = Release|Win32
		{28090894-3802-42D2-AAF0-5BE491277319}.Debug|Any CPU.ActiveCfg = Debug|Win32
		{28090894-3802-42D2-AAF0-5BE491277319}.Debug|Win32.ActiveCfg = Debug|Win32
		{28090894-3802-42D2-AAF0-5BE491277319}.Debug|Win32.Build.0 = Debug|Win32
		{28090894-3802-42D2-AAF0-5BE491277319}.Debug|x64.ActiveCfg = Debug|Win32
		{28090894-3802-42D2-AAF0-5BE491277319}.Release|Any CPU.ActiveCfg = Release|Win32
		{28090894-3802-42D2-AAF0-5BE491277319}.Release|Win32.ActiveCfg = Release|Win32
		{28090894-3802-42D2-AAF0-5BE491277319}.Release|Win32.Build.0 = Release|Win32
		{28090894-3802-42D2-AAF0-5BE491277319}.Release|x64.ActiveCfg = Release|Win32
	EndGlobalSection
	GlobalSection(SolutionProperties) = preSolution
		HideSolutionNode = FALSE
	EndGlobalSection
EndGlobal
