<?xml version="1.0" encoding="utf-8"?>
<Project ToolsVersion="4.0" xmlns="http://schemas.microsoft.com/developer/msbuild/2003">
  <ItemGroup>
    <Filter Include="Header Files">
      <UniqueIdentifier>{93995380-89BD-4b04-88EB-625FBE52EBFB}</UniqueIdentifier>
      <Extensions>h;hh;hpp;hxx;hm;inl;inc;xsd</Extensions>
    </Filter>
    <Filter Include="shaders">
      <UniqueIdentifier>{8b029337-e266-49ca-91be-c8f5f633441c}</UniqueIdentifier>
    </Filter>
    <Filter Include="Resource Files">
      <UniqueIdentifier>{67DA6AB6-F800-4c08-8B7A-83BB121AAD01}</UniqueIdentifier>
      <Extensions>rc;ico;cur;bmp;dlg;rc2;rct;bin;rgs;gif;jpg;jpeg;jpe;resx;tiff;tif;png;wav;mfcribbon-ms</Extensions>
    </Filter>
    <Filter Include="Source">
      <UniqueIdentifier>{4f2da21d-01fc-4cdc-a203-01d271468aa1}</UniqueIdentifier>
    </Filter>
    <Filter Include="Header Files\Scenes">
      <UniqueIdentifier>{649a268e-20f1-487f-8bfe-556b19594376}</UniqueIdentifier>
    </Filter>
  </ItemGroup>
  <ItemGroup>
    <Object Include="M:\Third Year\Shaders\Shaders\res\drone.obj">
      <Filter>Resource Files</Filter>
    </Object>
    <Object Include="M:\Third Year\Shaders\Shaders\res\ScaleBot.obj">
      <Filter>Resource Files</Filter>
    </Object>
    <Object Include="M:\Third Year\Shaders\Shaders\res\Sphere.obj">
      <Filter>Resource Files</Filter>
    </Object>
    <Object Include="M:\Third Year\Shaders\Shaders\res\sphere2.obj">
      <Filter>Resource Files</Filter>
    </Object>
    <Object Include="M:\Third Year\Shaders\Shaders\res\teapot.obj">
      <Filter>Resource Files</Filter>
    </Object>
  </ItemGroup>
  <ItemGroup>
    <Image Include="M:\Third Year\Shaders\Shaders\res\EvilDrone_Diff.jpg">
      <Filter>Resource Files</Filter>
    </Image>
    <Image Include="M:\Third Year\Shaders\Shaders\res\brick1.dds">
      <Filter>Resource Files</Filter>
    </Image>
    <Image Include="M:\Third Year\Shaders\Shaders\res\bunny.png">
      <Filter>Resource Files</Filter>
    </Image>
    <Image Include="M:\Third Year\Shaders\Shaders\res\checkerboard.jpg">
      <Filter>Resource Files</Filter>
    </Image>
    <Image Include="M:\Third Year\Shaders\Shaders\res\checkerboard.png">
      <Filter>Resource Files</Filter>
    </Image>
    <Image Include="M:\Third Year\Shaders\Shaders\res\DefaultDiffuse.png">
      <Filter>Resource Files</Filter>
    </Image>
  </ItemGroup>
  <ItemGroup>
    <ClInclude Include="TextureShader.h">
      <Filter>Header Files</Filter>
    </ClInclude>
    <ClInclude Include="Scene.h">
      <Filter>Header Files</Filter>
    </ClInclude>
    <ClInclude Include="App1.h">
      <Filter>Header Files\Scenes</Filter>
    </ClInclude>
    <ClInclude Include="BaseScene.h">
      <Filter>Header Files</Filter>
    </ClInclude>
  </ItemGroup>
  <ItemGroup>
    <None Include="imgui.ini" />
  </ItemGroup>
  <ItemGroup>
    <ClCompile Include="App1.cpp">
      <Filter>Source</Filter>
    </ClCompile>
    <ClCompile Include="Main.cpp">
      <Filter>Source</Filter>
    </ClCompile>
    <ClCompile Include="Scene.cpp">
      <Filter>Source</Filter>
    </ClCompile>
    <ClCompile Include="PostProcessing.cpp">
      <Filter>Source</Filter>
    </ClCompile>
    <ClCompile Include="BaseScene.cpp" />
  </ItemGroup>
  <ItemGroup>
    <FxCompile Include="shaders\colour_ps.hlsl">
      <Filter>shaders</Filter>
    </FxCompile>
    <FxCompile Include="shaders\colour_vs.hlsl">
      <Filter>shaders</Filter>
    </FxCompile>
    <FxCompile Include="shaders\texture_ps.hlsl">
      <Filter>shaders</Filter>
    </FxCompile>
    <FxCompile Include="shaders\texture_vs.hlsl">
      <Filter>shaders</Filter>
    </FxCompile>
  </ItemGroup>
</Project>