<?xml version="1.0" encoding="utf-8"?>
<Project ToolsVersion="4.0" xmlns="http://schemas.microsoft.com/developer/msbuild/2003">
  <ItemGroup>
    <Filter Include="Header Files">
      <UniqueIdentifier>{93995380-89BD-4b04-88EB-625FBE52EBFB}</UniqueIdentifier>
      <Extensions>h;hh;hpp;hxx;hm;inl;inc;xsd</Extensions>
    </Filter>
    <Filter Include="Source Files">
      <UniqueIdentifier>{1ab736aa-574e-4781-a9d2-9982a6e62eef}</UniqueIdentifier>
    </Filter>
    <Filter Include="Shaders">
      <UniqueIdentifier>{4659e97d-f5cf-4fe7-ac53-85dbd31c9598}</UniqueIdentifier>
    </Filter>
    <Filter Include="miniINi">
      <UniqueIdentifier>{8da2e605-642d-4d46-a6f1-41d9bce8fd41}</UniqueIdentifier>
    </Filter>
    <Filter Include="Source Files\Shaders">
      <UniqueIdentifier>{998bef32-726d-45cc-89d1-ffc0c0ce0a04}</UniqueIdentifier>
    </Filter>
    <Filter Include="Header Files\Shaders">
      <UniqueIdentifier>{4e4ad371-4954-459f-82f9-36d25a4b74c4}</UniqueIdentifier>
    </Filter>
    <Filter Include="Header Files\Scene">
      <UniqueIdentifier>{0501a192-da89-43b5-94f5-4da90cdf8a72}</UniqueIdentifier>
    </Filter>
    <Filter Include="Header Files\Noise">
      <UniqueIdentifier>{4bca799a-b2b2-466c-a377-883b3e3a6da9}</UniqueIdentifier>
    </Filter>
    <Filter Include="Header Files\Post proccssing">
      <UniqueIdentifier>{d8cc26bf-db56-47ad-bb27-6057a6494f50}</UniqueIdentifier>
    </Filter>
    <Filter Include="Source Files\Post Proccessing">
      <UniqueIdentifier>{f98f4be7-c174-4c1e-bd3e-03d7063aae7e}</UniqueIdentifier>
    </Filter>
    <Filter Include="Source Files\Scene">
      <UniqueIdentifier>{8319598c-2521-454c-b858-a9d53894d4b9}</UniqueIdentifier>
    </Filter>
    <Filter Include="Source Files\Noise">
      <UniqueIdentifier>{f61afe17-7863-45af-9ba9-3fd72e8fe1f2}</UniqueIdentifier>
    </Filter>
  </ItemGroup>
  <ItemGroup>
    <ClCompile Include="Main.cpp">
      <Filter>Source Files</Filter>
    </ClCompile>
    <ClCompile Include="baseApp.cpp">
      <Filter>Source Files</Filter>
    </ClCompile>
    <ClCompile Include="..\MiniIni\minIni.cpp">
      <Filter>miniINi</Filter>
    </ClCompile>
    <ClCompile Include="..\ApplicationSettings.cpp">
      <Filter>Source Files</Filter>
    </ClCompile>
    <ClCompile Include="Terrain.cpp">
      <Filter>Source Files</Filter>
    </ClCompile>
    <ClCompile Include="ColourShader.cpp">
      <Filter>Source Files\Shaders</Filter>
    </ClCompile>
    <ClCompile Include="TextureShader.cpp">
      <Filter>Source Files\Shaders</Filter>
    </ClCompile>
    <ClCompile Include="DistanceBasedTesselation.cpp">
      <Filter>Source Files\Shaders</Filter>
    </ClCompile>
    <ClCompile Include="LineMesh.cpp">
      <Filter>Source Files</Filter>
    </ClCompile>
    <ClCompile Include="PostProccessingDownScale.cpp">
      <Filter>Source Files\Post Proccessing</Filter>
    </ClCompile>
    <ClCompile Include="PostProccessingUpScale.cpp">
      <Filter>Source Files\Post Proccessing</Filter>
    </ClCompile>
    <ClCompile Include="PostProcessing.cpp">
      <Filter>Source Files\Post Proccessing</Filter>
    </ClCompile>
    <ClCompile Include="PostProcessingBase.cpp">
      <Filter>Source Files\Post Proccessing</Filter>
    </ClCompile>
    <ClCompile Include="EmptyScene.cpp">
      <Filter>Source Files\Scene</Filter>
    </ClCompile>
    <ClCompile Include="RoadScene.cpp">
      <Filter>Source Files\Scene</Filter>
    </ClCompile>
    <ClCompile Include="Scene.cpp">
      <Filter>Source Files\Scene</Filter>
    </ClCompile>
    <ClCompile Include="TerrainScene.cpp">
      <Filter>Source Files\Scene</Filter>
    </ClCompile>
    <ClCompile Include="FractionalBrownianMotion.cpp">
      <Filter>Source Files\Noise</Filter>
    </ClCompile>
    <ClCompile Include="LSystem.cpp">
      <Filter>Source Files</Filter>
    </ClCompile>
    <ClCompile Include="Sound.cpp">
      <Filter>Source Files</Filter>
    </ClCompile>
    <ClCompile Include="LSystemScene.cpp">
      <Filter>Source Files\Scene</Filter>
    </ClCompile>
    <ClCompile Include="SimplexNoise.cpp">
      <Filter>Source Files\Noise</Filter>
    </ClCompile>
    <ClCompile Include="DepthShader.cpp">
      <Filter>Source Files</Filter>
    </ClCompile>
    <ClCompile Include="TerrainShader.cpp">
      <Filter>Source Files\Shaders</Filter>
    </ClCompile>
  </ItemGroup>
  <ItemGroup>
    <ClInclude Include="..\MiniIni\minGlue.h">
      <Filter>miniINi</Filter>
    </ClInclude>
    <ClInclude Include="..\MiniIni\minIni.hpp">
      <Filter>miniINi</Filter>
    </ClInclude>
    <ClInclude Include="..\ApplicationSettings.h">
      <Filter>Header Files</Filter>
    </ClInclude>
    <ClInclude Include="Terrain.h">
      <Filter>Header Files</Filter>
    </ClInclude>
    <ClInclude Include="ColourShader.h">
      <Filter>Header Files\Shaders</Filter>
    </ClInclude>
    <ClInclude Include="TextureShader.h">
      <Filter>Header Files\Shaders</Filter>
    </ClInclude>
    <ClInclude Include="DistanceBasedTesselation.h">
      <Filter>Header Files\Shaders</Filter>
    </ClInclude>
    <ClInclude Include="ShaderBuffers.h">
      <Filter>Header Files</Filter>
    </ClInclude>
    <ClInclude Include="Sound.h">
      <Filter>Header Files</Filter>
    </ClInclude>
    <ClInclude Include="LSystem.h">
      <Filter>Header Files</Filter>
    </ClInclude>
    <ClInclude Include="LineMesh.h">
      <Filter>Header Files</Filter>
    </ClInclude>
    <ClInclude Include="PostProccessingDownScale.h">
      <Filter>Header Files\Post proccssing</Filter>
    </ClInclude>
    <ClInclude Include="PostProccessingUpScale.h">
      <Filter>Header Files\Post proccssing</Filter>
    </ClInclude>
    <ClInclude Include="PostProcessing.h">
      <Filter>Header Files\Post proccssing</Filter>
    </ClInclude>
    <ClInclude Include="PostProcessingBase.h">
      <Filter>Header Files\Post proccssing</Filter>
    </ClInclude>
    <ClInclude Include="Scene.h">
      <Filter>Header Files\Scene</Filter>
    </ClInclude>
    <ClInclude Include="RoadScene.h">
      <Filter>Header Files\Scene</Filter>
    </ClInclude>
    <ClInclude Include="FractionalBrownianMotion.h">
      <Filter>Header Files\Noise</Filter>
    </ClInclude>
    <ClInclude Include="EmptyScene.h">
      <Filter>Header Files\Scene</Filter>
    </ClInclude>
    <ClInclude Include="baseApp.h">
      <Filter>Header Files</Filter>
    </ClInclude>
    <ClInclude Include="TerrainScene.h">
      <Filter>Header Files\Scene</Filter>
    </ClInclude>
    <ClInclude Include="LSystemScene.h">
      <Filter>Header Files\Scene</Filter>
    </ClInclude>
    <ClInclude Include="SimplexNoise.h">
      <Filter>Header Files\Noise</Filter>
    </ClInclude>
    <ClInclude Include="DepthShader.h">
      <Filter>Header Files</Filter>
    </ClInclude>
    <ClInclude Include="TerrainShader.h">
      <Filter>Header Files\Shaders</Filter>
    </ClInclude>
  </ItemGroup>
  <ItemGroup>
    <FxCompile Include="shaders\colour_ps.hlsl">
      <Filter>Shaders</Filter>
    </FxCompile>
    <FxCompile Include="shaders\colour_vs.hlsl">
      <Filter>Shaders</Filter>
    </FxCompile>
    <FxCompile Include="shaders\texture_ps.hlsl">
      <Filter>Shaders</Filter>
    </FxCompile>
    <FxCompile Include="shaders\texture_vs.hlsl">
      <Filter>Shaders</Filter>
    </FxCompile>
    <FxCompile Include="shaders\distanceBasedTesselation_ds.hlsl">
      <Filter>Shaders</Filter>
    </FxCompile>
    <FxCompile Include="shaders\distanceBasedTesselation_hs.hlsl">
      <Filter>Shaders</Filter>
    </FxCompile>
    <FxCompile Include="shaders\noise_vs.hlsl">
      <Filter>Shaders</Filter>
    </FxCompile>
    <FxCompile Include="shaders\Terrain_ps.hlsl">
      <Filter>Shaders</Filter>
    </FxCompile>
    <FxCompile Include="shaders\Terrain_vs.hlsl">
      <Filter>Shaders</Filter>
    </FxCompile>
    <FxCompile Include="shaders\distanceBasedTesselation_vs.hlsl">
      <Filter>Shaders</Filter>
    </FxCompile>
    <FxCompile Include="shaders\FaultLineDisplacement_vs.hlsl">
      <Filter>Shaders</Filter>
    </FxCompile>
    <FxCompile Include="shaders\depth_ps.hlsl">
      <Filter>Shaders</Filter>
    </FxCompile>
    <FxCompile Include="shaders\depth_vs.hlsl">
      <Filter>Shaders</Filter>
    </FxCompile>
  </ItemGroup>
</Project>